
Microsoft Visual Studio Solution File, Format Version 12.00
# Visual Studio Version 16
VisualStudioVersion = 16.0.29806.167
MinimumVisualStudioVersion = 10.0.40219.1
Project("{8BC9CEB8-8B4A-11D0-8D11-00A0C91BC942}") = "DNAClasses", "DNAClasses\DNAClasses.vcxproj", "{2386D73D-812F-4ACE-98F8-24A0C1E54984}"
EndProject
Global
	GlobalSection(SolutionConfigurationPlatforms) = preSolution
		Debug|x64 = Debug|x64
		Debug|x86 = Debug|x86
		Release|x64 = Release|x64
		Release|x86 = Release|x86
	EndGlobalSection
	GlobalSection(ProjectConfigurationPlatforms) = postSolution
		{2386D73D-812F-4ACE-98F8-24A0C1E54984}.Debug|x64.ActiveCfg = Debug|x64
		{2386D73D-812F-4ACE-98F8-24A0C1E54984}.Debug|x64.Build.0 = Debug|x64
		{2386D73D-812F-4ACE-98F8-24A0C1E54984}.Debug|x86.ActiveCfg = Debug|Win32
		{2386D73D-812F-4ACE-98F8-24A0C1E54984}.Debug|x86.Build.0 = Debug|Win32
		{2386D73D-812F-4ACE-98F8-24A0C1E54984}.Release|x64.ActiveCfg = Release|x64
		{2386D73D-812F-4ACE-98F8-24A0C1E54984}.Release|x64.Build.0 = Release|x64
		{2386D73D-812F-4ACE-98F8-24A0C1E54984}.Release|x86.ActiveCfg = Release|Win32
		{2386D73D-812F-4ACE-98F8-24A0C1E54984}.Release|x86.Build.0 = Release|Win32
	EndGlobalSection
	GlobalSection(SolutionProperties) = preSolution
		HideSolutionNode = FALSE
	EndGlobalSection
	GlobalSection(ExtensibilityGlobals) = postSolution
		SolutionGuid = {AB8A0CEE-E6C1-434A-883A-1183A46B05CE}
	EndGlobalSection
EndGlobal
